// !$*UTF8*$!
{
	archiveVersion = 1;
	classes = {
	};
	objectVersion = 50;
	objects = {

/* Begin PBXBuildFile section */
		5D0B0531255BCF8700BC0698 /* ARGBookPageCounterTest.swift in Sources */ = {isa = PBXBuildFile; fileRef = 5D0B0530255BCF8700BC0698 /* ARGBookPageCounterTest.swift */; };
		5D0B053A255BDA5300BC0698 /* CommonMocks.swift in Sources */ = {isa = PBXBuildFile; fileRef = 5D0B0539255BDA5300BC0698 /* CommonMocks.swift */; };
		5D0B0540255D57D700BC0698 /* ARGBookCollectionViewLayout.swift in Sources */ = {isa = PBXBuildFile; fileRef = 5D0B053F255D57D600BC0698 /* ARGBookCollectionViewLayout.swift */; };
		5D165CD12570D06E00C810D9 /* ARGBookCacheFileStorage.swift in Sources */ = {isa = PBXBuildFile; fileRef = 5D165CD02570D06E00C810D9 /* ARGBookCacheFileStorage.swift */; };
		5D165CE72570D3D600C810D9 /* ARGContinuousScroll.framework in Embed Frameworks */ = {isa = PBXBuildFile; fileRef = 5D165CE52570D3D600C810D9 /* ARGContinuousScroll.framework */; settings = {ATTRIBUTES = (CodeSignOnCopy, RemoveHeadersOnCopy, ); }; };
		5D2C8C2D253C66A70034D6CC /* ARGBookView.swift in Sources */ = {isa = PBXBuildFile; fileRef = 5D2C8C2C253C66A70034D6CC /* ARGBookView.swift */; };
		5D2C8C5925415EB50034D6CC /* UIColor+String.swift in Sources */ = {isa = PBXBuildFile; fileRef = 5D2C8C5825415EB50034D6CC /* UIColor+String.swift */; };
		5D43215D253C2DDB0086FED9 /* ARGBookDocumentSettingsCommonLogic.swift in Sources */ = {isa = PBXBuildFile; fileRef = 5D43215C253C2DDB0086FED9 /* ARGBookDocumentSettingsCommonLogic.swift */; };
		5D432163253C2DE70086FED9 /* ARGBookDocumentNavigationCommonLogic.swift in Sources */ = {isa = PBXBuildFile; fileRef = 5D432162253C2DE70086FED9 /* ARGBookDocumentNavigationCommonLogic.swift */; };
		5D45B6A42567C81B00BFF869 /* ARGBookCacheManager.swift in Sources */ = {isa = PBXBuildFile; fileRef = 5D45B6A32567C81B00BFF869 /* ARGBookCacheManager.swift */; };
		5D45B6AA2567C83000BFF869 /* ARGBookCacheUpdater.swift in Sources */ = {isa = PBXBuildFile; fileRef = 5D45B6A92567C83000BFF869 /* ARGBookCacheUpdater.swift */; };
		5D45B6AE2567C85C00BFF869 /* ARGBookContentSizeCacheFileStorage.swift in Sources */ = {isa = PBXBuildFile; fileRef = 5D45B6AD2567C85C00BFF869 /* ARGBookContentSizeCacheFileStorage.swift */; };
		5D45B6B62567C8C400BFF869 /* ARGBookPageCounter.swift in Sources */ = {isa = PBXBuildFile; fileRef = 5D45B6B52567C8C400BFF869 /* ARGBookPageCounter.swift */; };
		5D45B6BC2567C8E100BFF869 /* ARGBookPageSnapshotManager.swift in Sources */ = {isa = PBXBuildFile; fileRef = 5D45B6BB2567C8E100BFF869 /* ARGBookPageSnapshotManager.swift */; };
		5D45B6C22567DC8200BFF869 /* ARGBookDocumentContentView+Snapshots.swift in Sources */ = {isa = PBXBuildFile; fileRef = 5D45B6C12567DC8200BFF869 /* ARGBookDocumentContentView+Snapshots.swift */; };
		5D45B6C82568F22000BFF869 /* ARGBookPageSnapshotCacheFileStorage.swift in Sources */ = {isa = PBXBuildFile; fileRef = 5D45B6C72568F22000BFF869 /* ARGBookPageSnapshotCacheFileStorage.swift */; };
		5D58B9CE2536B51500062144 /* ARGBookDocumentStateManager.swift in Sources */ = {isa = PBXBuildFile; fileRef = 5D58B9CD2536B51500062144 /* ARGBookDocumentStateManager.swift */; };
		5D58B9D62536EB5500062144 /* WKWebView+Measuring.swift in Sources */ = {isa = PBXBuildFile; fileRef = 5D58B9D52536EB5500062144 /* WKWebView+Measuring.swift */; };
		5D58B9DE25376D0400062144 /* ARGBookDocumentLayoutManager.swift in Sources */ = {isa = PBXBuildFile; fileRef = 5D58B9DD25376D0400062144 /* ARGBookDocumentLayoutManager.swift */; };
		5D92C1D3257158840022249E /* ARGBookPageSnapshotCache.swift in Sources */ = {isa = PBXBuildFile; fileRef = 5D92C1D2257158840022249E /* ARGBookPageSnapshotCache.swift */; };
		5D9693B825306A9000C3FB71 /* ARGBookUI.framework in Frameworks */ = {isa = PBXBuildFile; fileRef = 5D9693AE25306A9000C3FB71 /* ARGBookUI.framework */; };
		5D9693BF25306A9000C3FB71 /* ARGBookUI.h in Headers */ = {isa = PBXBuildFile; fileRef = 5D9693B125306A9000C3FB71 /* ARGBookUI.h */; settings = {ATTRIBUTES = (Public, ); }; };
		5D9693FE2530756100C3FB71 /* ARGDocumentCollectionViewCell.swift in Sources */ = {isa = PBXBuildFile; fileRef = 5D9693FD2530756100C3FB71 /* ARGDocumentCollectionViewCell.swift */; };
		5D96941225318CE200C3FB71 /* ARGBookDocumentView.swift in Sources */ = {isa = PBXBuildFile; fileRef = 5D96941125318CE200C3FB71 /* ARGBookDocumentView.swift */; };
		5D96942625318E3B00C3FB71 /* ARGBookDocumentContentView.swift in Sources */ = {isa = PBXBuildFile; fileRef = 5D96942525318E3B00C3FB71 /* ARGBookDocumentContentView.swift */; };
		5D969435253194E100C3FB71 /* ARGBookDocumentHorizontalLayout.swift in Sources */ = {isa = PBXBuildFile; fileRef = 5D969434253194E100C3FB71 /* ARGBookDocumentHorizontalLayout.swift */; };
		5D969439253194F300C3FB71 /* ARGBookDocumentFixedLayout.swift in Sources */ = {isa = PBXBuildFile; fileRef = 5D969438253194F300C3FB71 /* ARGBookDocumentFixedLayout.swift */; };
		5D96943D2531950100C3FB71 /* ARGBookDocumentVerticalLayout.swift in Sources */ = {isa = PBXBuildFile; fileRef = 5D96943C2531950100C3FB71 /* ARGBookDocumentVerticalLayout.swift */; };
		5D96944225319BE500C3FB71 /* ARGBookModels.swift in Sources */ = {isa = PBXBuildFile; fileRef = 5D96944125319BE500C3FB71 /* ARGBookModels.swift */; };
		5D9694512531A93200C3FB71 /* ARGDocumentCollectionViewCell.xib in Resources */ = {isa = PBXBuildFile; fileRef = 5D9694502531A93200C3FB71 /* ARGDocumentCollectionViewCell.xib */; };
		5DA003B2255DA02F00DD4C85 /* ARGBookContentView.swift in Sources */ = {isa = PBXBuildFile; fileRef = 5DA003B1255DA02F00DD4C85 /* ARGBookContentView.swift */; };
		5DA003C1255E621100DD4C85 /* ARGBookDocumentLayout.swift in Sources */ = {isa = PBXBuildFile; fileRef = 5DA003C0255E621100DD4C85 /* ARGBookDocumentLayout.swift */; };
		5DAD701725385FFD003A8BE6 /* ARGFlowableLayoutSettingsController.m in Sources */ = {isa = PBXBuildFile; fileRef = 5DD920412532339B0023E58C /* ARGFlowableLayoutSettingsController.m */; };
		5DB598192556EE1700DF1E36 /* ARGDocumentPageOverlayCollectionViewCell.swift in Sources */ = {isa = PBXBuildFile; fileRef = 5DB598182556EE1700DF1E36 /* ARGDocumentPageOverlayCollectionViewCell.swift */; };
		5DB5981D2556EE8700DF1E36 /* ARGDocumentPageOverlayView.swift in Sources */ = {isa = PBXBuildFile; fileRef = 5DB5981C2556EE8700DF1E36 /* ARGDocumentPageOverlayView.swift */; };
		5DB598362557E4BF00DF1E36 /* ARGDocumentPage.swift in Sources */ = {isa = PBXBuildFile; fileRef = 5DB598352557E4BF00DF1E36 /* ARGDocumentPage.swift */; };
		5DBC0A932531E7F0004DE451 /* Settings.js in Resources */ = {isa = PBXBuildFile; fileRef = 5DBC0A8F2531E7F0004DE451 /* Settings.js */; };
		5DBC0A942531E7F0004DE451 /* Selection.js in Resources */ = {isa = PBXBuildFile; fileRef = 5DBC0A902531E7F0004DE451 /* Selection.js */; };
		5DBC0A952531E7F0004DE451 /* PrepareDocument.js in Resources */ = {isa = PBXBuildFile; fileRef = 5DBC0A912531E7F0004DE451 /* PrepareDocument.js */; };
		5DBC0A962531E7F0004DE451 /* Navigation.js in Resources */ = {isa = PBXBuildFile; fileRef = 5DBC0A922531E7F0004DE451 /* Navigation.js */; };
		5DBC0AAA2531F62B004DE451 /* ARGBookWebViewConfigurator.swift in Sources */ = {isa = PBXBuildFile; fileRef = 5DBC0AA92531F62B004DE451 /* ARGBookWebViewConfigurator.swift */; };
		5DC52AB0255F8C37001D3D36 /* ARGDocumentPageHorizontalOverlayView.xib in Resources */ = {isa = PBXBuildFile; fileRef = 5DC52AAE255F8C37001D3D36 /* ARGDocumentPageHorizontalOverlayView.xib */; };
		5DC52AB1255F8C37001D3D36 /* ARGDocumentPageVerticalOverlayView.xib in Resources */ = {isa = PBXBuildFile; fileRef = 5DC52AAF255F8C37001D3D36 /* ARGDocumentPageVerticalOverlayView.xib */; };
		5DD92031253229E60023E58C /* WKWebView+Scripts.swift in Sources */ = {isa = PBXBuildFile; fileRef = 5DD92030253229E60023E58C /* WKWebView+Scripts.swift */; };
		5DD9203E253233930023E58C /* ARGBookReadingSettingsController.h in Headers */ = {isa = PBXBuildFile; fileRef = 5DD9203C253233930023E58C /* ARGBookReadingSettingsController.h */; settings = {ATTRIBUTES = (Public, ); }; };
		5DD920442532339B0023E58C /* ARGFlowableLayoutSettingsController.h in Headers */ = {isa = PBXBuildFile; fileRef = 5DD920422532339B0023E58C /* ARGFlowableLayoutSettingsController.h */; settings = {ATTRIBUTES = (Public, ); }; };
		5DD92048253235E50023E58C /* ARGSettingsModel.swift in Sources */ = {isa = PBXBuildFile; fileRef = 5DD92047253235E50023E58C /* ARGSettingsModel.swift */; };
		5DD9208725323A550023E58C /* ARGBookReadingSettingsController.m in Sources */ = {isa = PBXBuildFile; fileRef = 5DD9203B253233930023E58C /* ARGBookReadingSettingsController.m */; };
		5DD920DC253449560023E58C /* ARGBookDocumentLoader.swift in Sources */ = {isa = PBXBuildFile; fileRef = 5DD920DB253449560023E58C /* ARGBookDocumentLoader.swift */; };
		5DD999E3254804BB00F5E1EC /* ARGBookVerticalLayoutSettingsController.swift in Sources */ = {isa = PBXBuildFile; fileRef = 5DD999E2254804BB00F5E1EC /* ARGBookVerticalLayoutSettingsController.swift */; };
		5DD999E72549614B00F5E1EC /* ARGBookContentSizeCache.swift in Sources */ = {isa = PBXBuildFile; fileRef = 5DD999E62549614B00F5E1EC /* ARGBookContentSizeCache.swift */; };
		5DD999ED2549D59C00F5E1EC /* ARGFileUtils.swift in Sources */ = {isa = PBXBuildFile; fileRef = 5DD999EC2549D59C00F5E1EC /* ARGFileUtils.swift */; };
		5DD999FA2551575C00F5E1EC /* ARGBookInternalPageManager.swift in Sources */ = {isa = PBXBuildFile; fileRef = 5DD999F92551575C00F5E1EC /* ARGBookInternalPageManager.swift */; };
		5DE61CDB2556AB6D0058F0FC /* ARGDocumentOverlayView.swift in Sources */ = {isa = PBXBuildFile; fileRef = 5DE61CDA2556AB6D0058F0FC /* ARGDocumentOverlayView.swift */; };
/* End PBXBuildFile section */

/* Begin PBXContainerItemProxy section */
		5D9693B925306A9000C3FB71 /* PBXContainerItemProxy */ = {
			isa = PBXContainerItemProxy;
			containerPortal = 5D9693A525306A9000C3FB71 /* Project object */;
			proxyType = 1;
			remoteGlobalIDString = 5D9693AD25306A9000C3FB71;
			remoteInfo = ARGBookUI;
		};
/* End PBXContainerItemProxy section */

/* Begin PBXCopyFilesBuildPhase section */
		5D165CE82570D3D600C810D9 /* Embed Frameworks */ = {
			isa = PBXCopyFilesBuildPhase;
			buildActionMask = 2147483647;
			dstPath = "";
			dstSubfolderSpec = 10;
			files = (
				5D165CE72570D3D600C810D9 /* ARGContinuousScroll.framework in Embed Frameworks */,
			);
			name = "Embed Frameworks";
			runOnlyForDeploymentPostprocessing = 0;
		};
/* End PBXCopyFilesBuildPhase section */

/* Begin PBXFileReference section */
		5D0B0530255BCF8700BC0698 /* ARGBookPageCounterTest.swift */ = {isa = PBXFileReference; lastKnownFileType = sourcecode.swift; path = ARGBookPageCounterTest.swift; sourceTree = "<group>"; };
		5D0B0539255BDA5300BC0698 /* CommonMocks.swift */ = {isa = PBXFileReference; lastKnownFileType = sourcecode.swift; path = CommonMocks.swift; sourceTree = "<group>"; };
		5D0B053F255D57D600BC0698 /* ARGBookCollectionViewLayout.swift */ = {isa = PBXFileReference; lastKnownFileType = sourcecode.swift; path = ARGBookCollectionViewLayout.swift; sourceTree = "<group>"; };
		5D165CD02570D06E00C810D9 /* ARGBookCacheFileStorage.swift */ = {isa = PBXFileReference; lastKnownFileType = sourcecode.swift; path = ARGBookCacheFileStorage.swift; sourceTree = "<group>"; };
		5D165CE52570D3D600C810D9 /* ARGContinuousScroll.framework */ = {isa = PBXFileReference; explicitFileType = wrapper.framework; path = ARGContinuousScroll.framework; sourceTree = BUILT_PRODUCTS_DIR; };
		5D2C8C2C253C66A70034D6CC /* ARGBookView.swift */ = {isa = PBXFileReference; lastKnownFileType = sourcecode.swift; path = ARGBookView.swift; sourceTree = "<group>"; };
		5D2C8C5825415EB50034D6CC /* UIColor+String.swift */ = {isa = PBXFileReference; lastKnownFileType = sourcecode.swift; path = "UIColor+String.swift"; sourceTree = "<group>"; };
		5D43215C253C2DDB0086FED9 /* ARGBookDocumentSettingsCommonLogic.swift */ = {isa = PBXFileReference; lastKnownFileType = sourcecode.swift; path = ARGBookDocumentSettingsCommonLogic.swift; sourceTree = "<group>"; };
		5D432162253C2DE70086FED9 /* ARGBookDocumentNavigationCommonLogic.swift */ = {isa = PBXFileReference; lastKnownFileType = sourcecode.swift; path = ARGBookDocumentNavigationCommonLogic.swift; sourceTree = "<group>"; };
		5D45B6A32567C81B00BFF869 /* ARGBookCacheManager.swift */ = {isa = PBXFileReference; lastKnownFileType = sourcecode.swift; path = ARGBookCacheManager.swift; sourceTree = "<group>"; };
		5D45B6A92567C83000BFF869 /* ARGBookCacheUpdater.swift */ = {isa = PBXFileReference; lastKnownFileType = sourcecode.swift; path = ARGBookCacheUpdater.swift; sourceTree = "<group>"; };
		5D45B6AD2567C85C00BFF869 /* ARGBookContentSizeCacheFileStorage.swift */ = {isa = PBXFileReference; lastKnownFileType = sourcecode.swift; path = ARGBookContentSizeCacheFileStorage.swift; sourceTree = "<group>"; };
		5D45B6B52567C8C400BFF869 /* ARGBookPageCounter.swift */ = {isa = PBXFileReference; lastKnownFileType = sourcecode.swift; path = ARGBookPageCounter.swift; sourceTree = "<group>"; };
		5D45B6BB2567C8E100BFF869 /* ARGBookPageSnapshotManager.swift */ = {isa = PBXFileReference; lastKnownFileType = sourcecode.swift; path = ARGBookPageSnapshotManager.swift; sourceTree = "<group>"; };
		5D45B6C12567DC8200BFF869 /* ARGBookDocumentContentView+Snapshots.swift */ = {isa = PBXFileReference; lastKnownFileType = sourcecode.swift; path = "ARGBookDocumentContentView+Snapshots.swift"; sourceTree = "<group>"; };
		5D45B6C72568F22000BFF869 /* ARGBookPageSnapshotCacheFileStorage.swift */ = {isa = PBXFileReference; lastKnownFileType = sourcecode.swift; path = ARGBookPageSnapshotCacheFileStorage.swift; sourceTree = "<group>"; };
		5D58B9CD2536B51500062144 /* ARGBookDocumentStateManager.swift */ = {isa = PBXFileReference; lastKnownFileType = sourcecode.swift; path = ARGBookDocumentStateManager.swift; sourceTree = "<group>"; };
		5D58B9D52536EB5500062144 /* WKWebView+Measuring.swift */ = {isa = PBXFileReference; lastKnownFileType = sourcecode.swift; path = "WKWebView+Measuring.swift"; sourceTree = "<group>"; };
		5D58B9DD25376D0400062144 /* ARGBookDocumentLayoutManager.swift */ = {isa = PBXFileReference; lastKnownFileType = sourcecode.swift; path = ARGBookDocumentLayoutManager.swift; sourceTree = "<group>"; };
		5D92C1D2257158840022249E /* ARGBookPageSnapshotCache.swift */ = {isa = PBXFileReference; lastKnownFileType = sourcecode.swift; path = ARGBookPageSnapshotCache.swift; sourceTree = "<group>"; };
		5D9693AE25306A9000C3FB71 /* ARGBookUI.framework */ = {isa = PBXFileReference; explicitFileType = wrapper.framework; includeInIndex = 0; path = ARGBookUI.framework; sourceTree = BUILT_PRODUCTS_DIR; };
		5D9693B125306A9000C3FB71 /* ARGBookUI.h */ = {isa = PBXFileReference; lastKnownFileType = sourcecode.c.h; path = ARGBookUI.h; sourceTree = "<group>"; };
		5D9693B225306A9000C3FB71 /* Info.plist */ = {isa = PBXFileReference; lastKnownFileType = text.plist.xml; path = Info.plist; sourceTree = "<group>"; };
		5D9693B725306A9000C3FB71 /* ARGBookUITests.xctest */ = {isa = PBXFileReference; explicitFileType = wrapper.cfbundle; includeInIndex = 0; path = ARGBookUITests.xctest; sourceTree = BUILT_PRODUCTS_DIR; };
		5D9693BE25306A9000C3FB71 /* Info.plist */ = {isa = PBXFileReference; lastKnownFileType = text.plist.xml; path = Info.plist; sourceTree = "<group>"; };
		5D9693FD2530756100C3FB71 /* ARGDocumentCollectionViewCell.swift */ = {isa = PBXFileReference; lastKnownFileType = sourcecode.swift; path = ARGDocumentCollectionViewCell.swift; sourceTree = "<group>"; };
		5D96941125318CE200C3FB71 /* ARGBookDocumentView.swift */ = {isa = PBXFileReference; lastKnownFileType = sourcecode.swift; path = ARGBookDocumentView.swift; sourceTree = "<group>"; };
		5D96942525318E3B00C3FB71 /* ARGBookDocumentContentView.swift */ = {isa = PBXFileReference; lastKnownFileType = sourcecode.swift; path = ARGBookDocumentContentView.swift; sourceTree = "<group>"; };
		5D969434253194E100C3FB71 /* ARGBookDocumentHorizontalLayout.swift */ = {isa = PBXFileReference; lastKnownFileType = sourcecode.swift; path = ARGBookDocumentHorizontalLayout.swift; sourceTree = "<group>"; };
		5D969438253194F300C3FB71 /* ARGBookDocumentFixedLayout.swift */ = {isa = PBXFileReference; lastKnownFileType = sourcecode.swift; path = ARGBookDocumentFixedLayout.swift; sourceTree = "<group>"; };
		5D96943C2531950100C3FB71 /* ARGBookDocumentVerticalLayout.swift */ = {isa = PBXFileReference; lastKnownFileType = sourcecode.swift; path = ARGBookDocumentVerticalLayout.swift; sourceTree = "<group>"; };
		5D96944125319BE500C3FB71 /* ARGBookModels.swift */ = {isa = PBXFileReference; lastKnownFileType = sourcecode.swift; path = ARGBookModels.swift; sourceTree = "<group>"; };
		5D9694502531A93200C3FB71 /* ARGDocumentCollectionViewCell.xib */ = {isa = PBXFileReference; lastKnownFileType = file.xib; path = ARGDocumentCollectionViewCell.xib; sourceTree = "<group>"; };
		5DA003B1255DA02F00DD4C85 /* ARGBookContentView.swift */ = {isa = PBXFileReference; lastKnownFileType = sourcecode.swift; path = ARGBookContentView.swift; sourceTree = "<group>"; };
		5DA003C0255E621100DD4C85 /* ARGBookDocumentLayout.swift */ = {isa = PBXFileReference; lastKnownFileType = sourcecode.swift; path = ARGBookDocumentLayout.swift; sourceTree = "<group>"; };
		5DB598182556EE1700DF1E36 /* ARGDocumentPageOverlayCollectionViewCell.swift */ = {isa = PBXFileReference; lastKnownFileType = sourcecode.swift; path = ARGDocumentPageOverlayCollectionViewCell.swift; sourceTree = "<group>"; };
		5DB5981C2556EE8700DF1E36 /* ARGDocumentPageOverlayView.swift */ = {isa = PBXFileReference; lastKnownFileType = sourcecode.swift; path = ARGDocumentPageOverlayView.swift; sourceTree = "<group>"; };
		5DB598352557E4BF00DF1E36 /* ARGDocumentPage.swift */ = {isa = PBXFileReference; lastKnownFileType = sourcecode.swift; path = ARGDocumentPage.swift; sourceTree = "<group>"; };
		5DBC0A8F2531E7F0004DE451 /* Settings.js */ = {isa = PBXFileReference; fileEncoding = 4; lastKnownFileType = sourcecode.javascript; path = Settings.js; sourceTree = "<group>"; };
		5DBC0A902531E7F0004DE451 /* Selection.js */ = {isa = PBXFileReference; fileEncoding = 4; lastKnownFileType = sourcecode.javascript; path = Selection.js; sourceTree = "<group>"; };
		5DBC0A912531E7F0004DE451 /* PrepareDocument.js */ = {isa = PBXFileReference; fileEncoding = 4; lastKnownFileType = sourcecode.javascript; path = PrepareDocument.js; sourceTree = "<group>"; };
		5DBC0A922531E7F0004DE451 /* Navigation.js */ = {isa = PBXFileReference; fileEncoding = 4; lastKnownFileType = sourcecode.javascript; path = Navigation.js; sourceTree = "<group>"; };
		5DBC0AA92531F62B004DE451 /* ARGBookWebViewConfigurator.swift */ = {isa = PBXFileReference; lastKnownFileType = sourcecode.swift; path = ARGBookWebViewConfigurator.swift; sourceTree = "<group>"; };
		5DC52AAE255F8C37001D3D36 /* ARGDocumentPageHorizontalOverlayView.xib */ = {isa = PBXFileReference; fileEncoding = 4; lastKnownFileType = file.xib; path = ARGDocumentPageHorizontalOverlayView.xib; sourceTree = "<group>"; };
		5DC52AAF255F8C37001D3D36 /* ARGDocumentPageVerticalOverlayView.xib */ = {isa = PBXFileReference; fileEncoding = 4; lastKnownFileType = file.xib; path = ARGDocumentPageVerticalOverlayView.xib; sourceTree = "<group>"; };
		5DD92030253229E60023E58C /* WKWebView+Scripts.swift */ = {isa = PBXFileReference; lastKnownFileType = sourcecode.swift; path = "WKWebView+Scripts.swift"; sourceTree = "<group>"; };
		5DD9203B253233930023E58C /* ARGBookReadingSettingsController.m */ = {isa = PBXFileReference; fileEncoding = 4; lastKnownFileType = sourcecode.c.objc; path = ARGBookReadingSettingsController.m; sourceTree = "<group>"; };
		5DD9203C253233930023E58C /* ARGBookReadingSettingsController.h */ = {isa = PBXFileReference; fileEncoding = 4; lastKnownFileType = sourcecode.c.h; path = ARGBookReadingSettingsController.h; sourceTree = "<group>"; };
		5DD920412532339B0023E58C /* ARGFlowableLayoutSettingsController.m */ = {isa = PBXFileReference; fileEncoding = 4; lastKnownFileType = sourcecode.c.objc; path = ARGFlowableLayoutSettingsController.m; sourceTree = "<group>"; };
		5DD920422532339B0023E58C /* ARGFlowableLayoutSettingsController.h */ = {isa = PBXFileReference; fileEncoding = 4; lastKnownFileType = sourcecode.c.h; path = ARGFlowableLayoutSettingsController.h; sourceTree = "<group>"; };
		5DD92047253235E50023E58C /* ARGSettingsModel.swift */ = {isa = PBXFileReference; lastKnownFileType = sourcecode.swift; path = ARGSettingsModel.swift; sourceTree = "<group>"; };
		5DD92070253238AA0023E58C /* ARGView.framework */ = {isa = PBXFileReference; explicitFileType = wrapper.framework; path = ARGView.framework; sourceTree = BUILT_PRODUCTS_DIR; };
		5DD920DB253449560023E58C /* ARGBookDocumentLoader.swift */ = {isa = PBXFileReference; lastKnownFileType = sourcecode.swift; path = ARGBookDocumentLoader.swift; sourceTree = "<group>"; };
		5DD999E2254804BB00F5E1EC /* ARGBookVerticalLayoutSettingsController.swift */ = {isa = PBXFileReference; lastKnownFileType = sourcecode.swift; path = ARGBookVerticalLayoutSettingsController.swift; sourceTree = "<group>"; };
		5DD999E62549614B00F5E1EC /* ARGBookContentSizeCache.swift */ = {isa = PBXFileReference; lastKnownFileType = sourcecode.swift; path = ARGBookContentSizeCache.swift; sourceTree = "<group>"; };
		5DD999EC2549D59C00F5E1EC /* ARGFileUtils.swift */ = {isa = PBXFileReference; lastKnownFileType = sourcecode.swift; path = ARGFileUtils.swift; sourceTree = "<group>"; };
		5DD999F92551575C00F5E1EC /* ARGBookInternalPageManager.swift */ = {isa = PBXFileReference; lastKnownFileType = sourcecode.swift; path = ARGBookInternalPageManager.swift; sourceTree = "<group>"; };
		5DE61CDA2556AB6D0058F0FC /* ARGDocumentOverlayView.swift */ = {isa = PBXFileReference; lastKnownFileType = sourcecode.swift; path = ARGDocumentOverlayView.swift; sourceTree = "<group>"; };
/* End PBXFileReference section */

/* Begin PBXFrameworksBuildPhase section */
		5D9693AB25306A9000C3FB71 /* Frameworks */ = {
			isa = PBXFrameworksBuildPhase;
			buildActionMask = 2147483647;
			files = (
			);
			runOnlyForDeploymentPostprocessing = 0;
		};
		5D9693B425306A9000C3FB71 /* Frameworks */ = {
			isa = PBXFrameworksBuildPhase;
			buildActionMask = 2147483647;
			files = (
				5D9693B825306A9000C3FB71 /* ARGBookUI.framework in Frameworks */,
			);
			runOnlyForDeploymentPostprocessing = 0;
		};
/* End PBXFrameworksBuildPhase section */

/* Begin PBXGroup section */
		5D165CCF2570D01E00C810D9 /* Storage */ = {
			isa = PBXGroup;
			children = (
				5DD999EC2549D59C00F5E1EC /* ARGFileUtils.swift */,
				5D165CD02570D06E00C810D9 /* ARGBookCacheFileStorage.swift */,
			);
			path = Storage;
			sourceTree = "<group>";
		};
		5D165CF32570DBDE00C810D9 /* ARGBookPageSnapshotCache */ = {
			isa = PBXGroup;
			children = (
				5D92C1D2257158840022249E /* ARGBookPageSnapshotCache.swift */,
				5D45B6BB2567C8E100BFF869 /* ARGBookPageSnapshotManager.swift */,
				5D45B6C72568F22000BFF869 /* ARGBookPageSnapshotCacheFileStorage.swift */,
				5D45B6C12567DC8200BFF869 /* ARGBookDocumentContentView+Snapshots.swift */,
			);
			path = ARGBookPageSnapshotCache;
			sourceTree = "<group>";
		};
		5D43215B253C2DC30086FED9 /* ARGBookDocumentLayoutManager */ = {
			isa = PBXGroup;
			children = (
				5DA003CE255EED7E00DD4C85 /* Navigation Logic */,
				5DA003CD255EED6D00DD4C85 /* Settings Logic */,
				5D58B9DD25376D0400062144 /* ARGBookDocumentLayoutManager.swift */,
			);
			path = ARGBookDocumentLayoutManager;
			sourceTree = "<group>";
		};
		5D45B6A02567C7EE00BFF869 /* ARGBookContentSizeCache */ = {
			isa = PBXGroup;
			children = (
				5DD999E62549614B00F5E1EC /* ARGBookContentSizeCache.swift */,
				5D45B6A32567C81B00BFF869 /* ARGBookCacheManager.swift */,
				5D45B6A92567C83000BFF869 /* ARGBookCacheUpdater.swift */,
				5D45B6AD2567C85C00BFF869 /* ARGBookContentSizeCacheFileStorage.swift */,
			);
			path = ARGBookContentSizeCache;
			sourceTree = "<group>";
		};
		5D45B6A22567C80500BFF869 /* ARGBookPageCounter */ = {
			isa = PBXGroup;
			children = (
				5D45B6B52567C8C400BFF869 /* ARGBookPageCounter.swift */,
				5DD999F92551575C00F5E1EC /* ARGBookInternalPageManager.swift */,
			);
			path = ARGBookPageCounter;
			sourceTree = "<group>";
		};
		5D58B9CC2536B4F300062144 /* DocumentStateManager */ = {
			isa = PBXGroup;
			children = (
				5D58B9CD2536B51500062144 /* ARGBookDocumentStateManager.swift */,
			);
			path = DocumentStateManager;
			sourceTree = "<group>";
		};
		5D9693A425306A9000C3FB71 = {
			isa = PBXGroup;
			children = (
				5D9693B025306A9000C3FB71 /* ARGBookUI */,
				5D9693BB25306A9000C3FB71 /* ARGBookUITests */,
				5D9693AF25306A9000C3FB71 /* Products */,
				5DD9206F253238AA0023E58C /* Frameworks */,
			);
			sourceTree = "<group>";
		};
		5D9693AF25306A9000C3FB71 /* Products */ = {
			isa = PBXGroup;
			children = (
				5D9693AE25306A9000C3FB71 /* ARGBookUI.framework */,
				5D9693B725306A9000C3FB71 /* ARGBookUITests.xctest */,
			);
			name = Products;
			sourceTree = "<group>";
		};
		5D9693B025306A9000C3FB71 /* ARGBookUI */ = {
			isa = PBXGroup;
			children = (
				5DB598342557E48600DF1E36 /* Cache */,
				5DD9202F253229CF0023E58C /* Extensions */,
				5D96944025319BBE00C3FB71 /* Models */,
				5D96940125318A4A00C3FB71 /* ARGBookDocumentContentView */,
				5D9693F42530707500C3FB71 /* ARGBookView */,
				5DBC0A8E2531E7CF004DE451 /* Scripts */,
				5D9693B125306A9000C3FB71 /* ARGBookUI.h */,
				5D9693B225306A9000C3FB71 /* Info.plist */,
			);
			path = ARGBookUI;
			sourceTree = "<group>";
		};
		5D9693BB25306A9000C3FB71 /* ARGBookUITests */ = {
			isa = PBXGroup;
			children = (
				5D0B0530255BCF8700BC0698 /* ARGBookPageCounterTest.swift */,
				5D0B0539255BDA5300BC0698 /* CommonMocks.swift */,
				5D9693BE25306A9000C3FB71 /* Info.plist */,
			);
			path = ARGBookUITests;
			sourceTree = "<group>";
		};
		5D9693F42530707500C3FB71 /* ARGBookView */ = {
			isa = PBXGroup;
			children = (
				5DA003B5255DA04100DD4C85 /* ARGBookContentView */,
				5D2C8C2C253C66A70034D6CC /* ARGBookView.swift */,
			);
			path = ARGBookView;
			sourceTree = "<group>";
		};
		5D96940125318A4A00C3FB71 /* ARGBookDocumentContentView */ = {
			isa = PBXGroup;
			children = (
				5D96942B2531945300C3FB71 /* Layouts */,
				5DE61CD92556AB420058F0FC /* ARGBookDocumentOverlayView */,
				5DBC0AA72531F5F0004DE451 /* ARGBookDocumentContentView */,
				5D96941125318CE200C3FB71 /* ARGBookDocumentView.swift */,
			);
			path = ARGBookDocumentContentView;
			sourceTree = "<group>";
		};
		5D96942B2531945300C3FB71 /* Layouts */ = {
			isa = PBXGroup;
			children = (
				5DD92102253471AD0023E58C /* ARGBookDocumentLayout */,
				5DD92036253231570023E58C /* ARGBookDocumentHorizontalLayout */,
				5DD920372532315F0023E58C /* ARGBookDocumentVerticalLayout */,
				5DD920382532316F0023E58C /* ARGBookDocumentFixedLayout */,
				5D43215B253C2DC30086FED9 /* ARGBookDocumentLayoutManager */,
			);
			path = Layouts;
			sourceTree = "<group>";
		};
		5D96944025319BBE00C3FB71 /* Models */ = {
			isa = PBXGroup;
			children = (
				5D96944125319BE500C3FB71 /* ARGBookModels.swift */,
				5DD92047253235E50023E58C /* ARGSettingsModel.swift */,
				5DB598352557E4BF00DF1E36 /* ARGDocumentPage.swift */,
			);
			path = Models;
			sourceTree = "<group>";
		};
		5D96944F2531A91C00C3FB71 /* CollectionView */ = {
			isa = PBXGroup;
			children = (
				5D0B053F255D57D600BC0698 /* ARGBookCollectionViewLayout.swift */,
				5D9693FD2530756100C3FB71 /* ARGDocumentCollectionViewCell.swift */,
				5D9694502531A93200C3FB71 /* ARGDocumentCollectionViewCell.xib */,
			);
			path = CollectionView;
			sourceTree = "<group>";
		};
		5DA003B5255DA04100DD4C85 /* ARGBookContentView */ = {
			isa = PBXGroup;
			children = (
				5D96944F2531A91C00C3FB71 /* CollectionView */,
				5DA003B1255DA02F00DD4C85 /* ARGBookContentView.swift */,
			);
			path = ARGBookContentView;
			sourceTree = "<group>";
		};
		5DA003CD255EED6D00DD4C85 /* Settings Logic */ = {
			isa = PBXGroup;
			children = (
				5D58B9CC2536B4F300062144 /* DocumentStateManager */,
				5D43215C253C2DDB0086FED9 /* ARGBookDocumentSettingsCommonLogic.swift */,
			);
			path = "Settings Logic";
			sourceTree = "<group>";
		};
		5DA003CE255EED7E00DD4C85 /* Navigation Logic */ = {
			isa = PBXGroup;
			children = (
				5D432162253C2DE70086FED9 /* ARGBookDocumentNavigationCommonLogic.swift */,
			);
			path = "Navigation Logic";
			sourceTree = "<group>";
		};
		5DB5982A2556F06500DF1E36 /* ARGDocumentPageOverlayView */ = {
			isa = PBXGroup;
			children = (
				5DB5981C2556EE8700DF1E36 /* ARGDocumentPageOverlayView.swift */,
				5DC52AAE255F8C37001D3D36 /* ARGDocumentPageHorizontalOverlayView.xib */,
				5DC52AAF255F8C37001D3D36 /* ARGDocumentPageVerticalOverlayView.xib */,
			);
			path = ARGDocumentPageOverlayView;
			sourceTree = "<group>";
		};
		5DB598342557E48600DF1E36 /* Cache */ = {
			isa = PBXGroup;
			children = (
				5D165CCF2570D01E00C810D9 /* Storage */,
				5D45B6A02567C7EE00BFF869 /* ARGBookContentSizeCache */,
				5D45B6A22567C80500BFF869 /* ARGBookPageCounter */,
				5D165CF32570DBDE00C810D9 /* ARGBookPageSnapshotCache */,
			);
			path = Cache;
			sourceTree = "<group>";
		};
		5DBC0A8E2531E7CF004DE451 /* Scripts */ = {
			isa = PBXGroup;
			children = (
				5DBC0A922531E7F0004DE451 /* Navigation.js */,
				5DBC0A912531E7F0004DE451 /* PrepareDocument.js */,
				5DBC0A902531E7F0004DE451 /* Selection.js */,
				5DBC0A8F2531E7F0004DE451 /* Settings.js */,
			);
			path = Scripts;
			sourceTree = "<group>";
		};
		5DBC0AA72531F5F0004DE451 /* ARGBookDocumentContentView */ = {
			isa = PBXGroup;
			children = (
				5D96942525318E3B00C3FB71 /* ARGBookDocumentContentView.swift */,
				5DBC0AA92531F62B004DE451 /* ARGBookWebViewConfigurator.swift */,
				5DD920DB253449560023E58C /* ARGBookDocumentLoader.swift */,
			);
			path = ARGBookDocumentContentView;
			sourceTree = "<group>";
		};
		5DD9202F253229CF0023E58C /* Extensions */ = {
			isa = PBXGroup;
			children = (
				5DD92030253229E60023E58C /* WKWebView+Scripts.swift */,
				5D58B9D52536EB5500062144 /* WKWebView+Measuring.swift */,
				5D2C8C5825415EB50034D6CC /* UIColor+String.swift */,
			);
			path = Extensions;
			sourceTree = "<group>";
		};
		5DD92036253231570023E58C /* ARGBookDocumentHorizontalLayout */ = {
			isa = PBXGroup;
			children = (
				5DD921012534719A0023E58C /* SettingsController */,
				5D969434253194E100C3FB71 /* ARGBookDocumentHorizontalLayout.swift */,
			);
			path = ARGBookDocumentHorizontalLayout;
			sourceTree = "<group>";
		};
		5DD920372532315F0023E58C /* ARGBookDocumentVerticalLayout */ = {
			isa = PBXGroup;
			children = (
				5DD999E12548048F00F5E1EC /* SettingsController */,
				5D96943C2531950100C3FB71 /* ARGBookDocumentVerticalLayout.swift */,
			);
			path = ARGBookDocumentVerticalLayout;
			sourceTree = "<group>";
		};
		5DD920382532316F0023E58C /* ARGBookDocumentFixedLayout */ = {
			isa = PBXGroup;
			children = (
				5D969438253194F300C3FB71 /* ARGBookDocumentFixedLayout.swift */,
			);
			path = ARGBookDocumentFixedLayout;
			sourceTree = "<group>";
		};
		5DD9206F253238AA0023E58C /* Frameworks */ = {
			isa = PBXGroup;
			children = (
				5D165CE52570D3D600C810D9 /* ARGContinuousScroll.framework */,
				5DD92070253238AA0023E58C /* ARGView.framework */,
			);
			name = Frameworks;
			sourceTree = "<group>";
		};
		5DD921012534719A0023E58C /* SettingsController */ = {
			isa = PBXGroup;
			children = (
				5DD920422532339B0023E58C /* ARGFlowableLayoutSettingsController.h */,
				5DD920412532339B0023E58C /* ARGFlowableLayoutSettingsController.m */,
			);
			path = SettingsController;
			sourceTree = "<group>";
		};
		5DD92102253471AD0023E58C /* ARGBookDocumentLayout */ = {
			isa = PBXGroup;
			children = (
				5DD92103253471BA0023E58C /* SettingsController */,
				5DA003C0255E621100DD4C85 /* ARGBookDocumentLayout.swift */,
			);
			path = ARGBookDocumentLayout;
			sourceTree = "<group>";
		};
		5DD92103253471BA0023E58C /* SettingsController */ = {
			isa = PBXGroup;
			children = (
				5DD9203C253233930023E58C /* ARGBookReadingSettingsController.h */,
				5DD9203B253233930023E58C /* ARGBookReadingSettingsController.m */,
			);
			path = SettingsController;
			sourceTree = "<group>";
		};
		5DD999E12548048F00F5E1EC /* SettingsController */ = {
			isa = PBXGroup;
			children = (
				5DD999E2254804BB00F5E1EC /* ARGBookVerticalLayoutSettingsController.swift */,
			);
			path = SettingsController;
			sourceTree = "<group>";
		};
		5DE61CD92556AB420058F0FC /* ARGBookDocumentOverlayView */ = {
			isa = PBXGroup;
			children = (
				5DB5982A2556F06500DF1E36 /* ARGDocumentPageOverlayView */,
				5DB598182556EE1700DF1E36 /* ARGDocumentPageOverlayCollectionViewCell.swift */,
				5DE61CDA2556AB6D0058F0FC /* ARGDocumentOverlayView.swift */,
			);
			path = ARGBookDocumentOverlayView;
			sourceTree = "<group>";
		};
/* End PBXGroup section */

/* Begin PBXHeadersBuildPhase section */
		5D9693A925306A9000C3FB71 /* Headers */ = {
			isa = PBXHeadersBuildPhase;
			buildActionMask = 2147483647;
			files = (
				5D9693BF25306A9000C3FB71 /* ARGBookUI.h in Headers */,
				5DD920442532339B0023E58C /* ARGFlowableLayoutSettingsController.h in Headers */,
				5DD9203E253233930023E58C /* ARGBookReadingSettingsController.h in Headers */,
			);
			runOnlyForDeploymentPostprocessing = 0;
		};
/* End PBXHeadersBuildPhase section */

/* Begin PBXNativeTarget section */
		5D9693AD25306A9000C3FB71 /* ARGBookUI */ = {
			isa = PBXNativeTarget;
			buildConfigurationList = 5D9693C225306A9000C3FB71 /* Build configuration list for PBXNativeTarget "ARGBookUI" */;
			buildPhases = (
				5D9693A925306A9000C3FB71 /* Headers */,
				5D9693AA25306A9000C3FB71 /* Sources */,
				5D9693AB25306A9000C3FB71 /* Frameworks */,
				5D9693AC25306A9000C3FB71 /* Resources */,
				5D165CE82570D3D600C810D9 /* Embed Frameworks */,
			);
			buildRules = (
			);
			dependencies = (
			);
			name = ARGBookUI;
			productName = ARGBookUI;
			productReference = 5D9693AE25306A9000C3FB71 /* ARGBookUI.framework */;
			productType = "com.apple.product-type.framework";
		};
		5D9693B625306A9000C3FB71 /* ARGBookUITests */ = {
			isa = PBXNativeTarget;
			buildConfigurationList = 5D9693C525306A9000C3FB71 /* Build configuration list for PBXNativeTarget "ARGBookUITests" */;
			buildPhases = (
				5D9693B325306A9000C3FB71 /* Sources */,
				5D9693B425306A9000C3FB71 /* Frameworks */,
				5D9693B525306A9000C3FB71 /* Resources */,
			);
			buildRules = (
			);
			dependencies = (
				5D9693BA25306A9000C3FB71 /* PBXTargetDependency */,
			);
			name = ARGBookUITests;
			productName = ARGBookUITests;
			productReference = 5D9693B725306A9000C3FB71 /* ARGBookUITests.xctest */;
			productType = "com.apple.product-type.bundle.unit-test";
		};
/* End PBXNativeTarget section */

/* Begin PBXProject section */
		5D9693A525306A9000C3FB71 /* Project object */ = {
			isa = PBXProject;
			attributes = {
				LastSwiftUpdateCheck = 1200;
				LastUpgradeCheck = 1200;
				TargetAttributes = {
					5D9693AD25306A9000C3FB71 = {
						CreatedOnToolsVersion = 12.0.1;
						LastSwiftMigration = 1200;
					};
					5D9693B625306A9000C3FB71 = {
						CreatedOnToolsVersion = 12.0.1;
					};
				};
			};
			buildConfigurationList = 5D9693A825306A9000C3FB71 /* Build configuration list for PBXProject "ARGBookUI" */;
			compatibilityVersion = "Xcode 9.3";
			developmentRegion = en;
			hasScannedForEncodings = 0;
			knownRegions = (
				en,
				Base,
			);
			mainGroup = 5D9693A425306A9000C3FB71;
			productRefGroup = 5D9693AF25306A9000C3FB71 /* Products */;
			projectDirPath = "";
			projectRoot = "";
			targets = (
				5D9693AD25306A9000C3FB71 /* ARGBookUI */,
				5D9693B625306A9000C3FB71 /* ARGBookUITests */,
			);
		};
/* End PBXProject section */

/* Begin PBXResourcesBuildPhase section */
		5D9693AC25306A9000C3FB71 /* Resources */ = {
			isa = PBXResourcesBuildPhase;
			buildActionMask = 2147483647;
			files = (
				5DC52AB0255F8C37001D3D36 /* ARGDocumentPageHorizontalOverlayView.xib in Resources */,
				5DBC0A942531E7F0004DE451 /* Selection.js in Resources */,
				5DBC0A962531E7F0004DE451 /* Navigation.js in Resources */,
				5DBC0A932531E7F0004DE451 /* Settings.js in Resources */,
				5D9694512531A93200C3FB71 /* ARGDocumentCollectionViewCell.xib in Resources */,
				5DBC0A952531E7F0004DE451 /* PrepareDocument.js in Resources */,
				5DC52AB1255F8C37001D3D36 /* ARGDocumentPageVerticalOverlayView.xib in Resources */,
			);
			runOnlyForDeploymentPostprocessing = 0;
		};
		5D9693B525306A9000C3FB71 /* Resources */ = {
			isa = PBXResourcesBuildPhase;
			buildActionMask = 2147483647;
			files = (
			);
			runOnlyForDeploymentPostprocessing = 0;
		};
/* End PBXResourcesBuildPhase section */

/* Begin PBXSourcesBuildPhase section */
		5D9693AA25306A9000C3FB71 /* Sources */ = {
			isa = PBXSourcesBuildPhase;
			buildActionMask = 2147483647;
			files = (
				5D45B6A42567C81B00BFF869 /* ARGBookCacheManager.swift in Sources */,
				5D432163253C2DE70086FED9 /* ARGBookDocumentNavigationCommonLogic.swift in Sources */,
				5D45B6B62567C8C400BFF869 /* ARGBookPageCounter.swift in Sources */,
				5D45B6BC2567C8E100BFF869 /* ARGBookPageSnapshotManager.swift in Sources */,
				5D58B9CE2536B51500062144 /* ARGBookDocumentStateManager.swift in Sources */,
				5DD999ED2549D59C00F5E1EC /* ARGFileUtils.swift in Sources */,
				5DBC0AAA2531F62B004DE451 /* ARGBookWebViewConfigurator.swift in Sources */,
				5D969435253194E100C3FB71 /* ARGBookDocumentHorizontalLayout.swift in Sources */,
				5DD92031253229E60023E58C /* WKWebView+Scripts.swift in Sources */,
				5D96941225318CE200C3FB71 /* ARGBookDocumentView.swift in Sources */,
				5DB598362557E4BF00DF1E36 /* ARGDocumentPage.swift in Sources */,
				5D92C1D3257158840022249E /* ARGBookPageSnapshotCache.swift in Sources */,
				5DD999FA2551575C00F5E1EC /* ARGBookInternalPageManager.swift in Sources */,
				5D2C8C2D253C66A70034D6CC /* ARGBookView.swift in Sources */,
				5DA003B2255DA02F00DD4C85 /* ARGBookContentView.swift in Sources */,
				5DB5981D2556EE8700DF1E36 /* ARGDocumentPageOverlayView.swift in Sources */,
				5D165CD12570D06E00C810D9 /* ARGBookCacheFileStorage.swift in Sources */,
				5D45B6C82568F22000BFF869 /* ARGBookPageSnapshotCacheFileStorage.swift in Sources */,
				5D2C8C5925415EB50034D6CC /* UIColor+String.swift in Sources */,
				5DD999E72549614B00F5E1EC /* ARGBookContentSizeCache.swift in Sources */,
				5DD92048253235E50023E58C /* ARGSettingsModel.swift in Sources */,
				5D58B9DE25376D0400062144 /* ARGBookDocumentLayoutManager.swift in Sources */,
				5D45B6AA2567C83000BFF869 /* ARGBookCacheUpdater.swift in Sources */,
				5D96942625318E3B00C3FB71 /* ARGBookDocumentContentView.swift in Sources */,
				5DD920DC253449560023E58C /* ARGBookDocumentLoader.swift in Sources */,
				5DD999E3254804BB00F5E1EC /* ARGBookVerticalLayoutSettingsController.swift in Sources */,
				5DE61CDB2556AB6D0058F0FC /* ARGDocumentOverlayView.swift in Sources */,
				5DB598192556EE1700DF1E36 /* ARGDocumentPageOverlayCollectionViewCell.swift in Sources */,
				5D0B0540255D57D700BC0698 /* ARGBookCollectionViewLayout.swift in Sources */,
				5D45B6AE2567C85C00BFF869 /* ARGBookContentSizeCacheFileStorage.swift in Sources */,
				5D58B9D62536EB5500062144 /* WKWebView+Measuring.swift in Sources */,
				5DD9208725323A550023E58C /* ARGBookReadingSettingsController.m in Sources */,
				5D96943D2531950100C3FB71 /* ARGBookDocumentVerticalLayout.swift in Sources */,
				5D9693FE2530756100C3FB71 /* ARGDocumentCollectionViewCell.swift in Sources */,
				5D43215D253C2DDB0086FED9 /* ARGBookDocumentSettingsCommonLogic.swift in Sources */,
				5D45B6C22567DC8200BFF869 /* ARGBookDocumentContentView+Snapshots.swift in Sources */,
				5DA003C1255E621100DD4C85 /* ARGBookDocumentLayout.swift in Sources */,
				5D969439253194F300C3FB71 /* ARGBookDocumentFixedLayout.swift in Sources */,
				5DAD701725385FFD003A8BE6 /* ARGFlowableLayoutSettingsController.m in Sources */,
				5D96944225319BE500C3FB71 /* ARGBookModels.swift in Sources */,
			);
			runOnlyForDeploymentPostprocessing = 0;
		};
		5D9693B325306A9000C3FB71 /* Sources */ = {
			isa = PBXSourcesBuildPhase;
			buildActionMask = 2147483647;
			files = (
				5D0B053A255BDA5300BC0698 /* CommonMocks.swift in Sources */,
				5D0B0531255BCF8700BC0698 /* ARGBookPageCounterTest.swift in Sources */,
			);
			runOnlyForDeploymentPostprocessing = 0;
		};
/* End PBXSourcesBuildPhase section */

/* Begin PBXTargetDependency section */
		5D9693BA25306A9000C3FB71 /* PBXTargetDependency */ = {
			isa = PBXTargetDependency;
			target = 5D9693AD25306A9000C3FB71 /* ARGBookUI */;
			targetProxy = 5D9693B925306A9000C3FB71 /* PBXContainerItemProxy */;
		};
/* End PBXTargetDependency section */

/* Begin XCBuildConfiguration section */
		5D9693C025306A9000C3FB71 /* Debug */ = {
			isa = XCBuildConfiguration;
			buildSettings = {
				ALWAYS_SEARCH_USER_PATHS = NO;
				CLANG_ANALYZER_NONNULL = YES;
				CLANG_ANALYZER_NUMBER_OBJECT_CONVERSION = YES_AGGRESSIVE;
				CLANG_CXX_LANGUAGE_STANDARD = "gnu++14";
				CLANG_CXX_LIBRARY = "libc++";
				CLANG_ENABLE_MODULES = YES;
				CLANG_ENABLE_OBJC_ARC = YES;
				CLANG_ENABLE_OBJC_WEAK = YES;
				CLANG_WARN_BLOCK_CAPTURE_AUTORELEASING = YES;
				CLANG_WARN_BOOL_CONVERSION = YES;
				CLANG_WARN_COMMA = YES;
				CLANG_WARN_CONSTANT_CONVERSION = YES;
				CLANG_WARN_DEPRECATED_OBJC_IMPLEMENTATIONS = YES;
				CLANG_WARN_DIRECT_OBJC_ISA_USAGE = YES_ERROR;
				CLANG_WARN_DOCUMENTATION_COMMENTS = YES;
				CLANG_WARN_EMPTY_BODY = YES;
				CLANG_WARN_ENUM_CONVERSION = YES;
				CLANG_WARN_INFINITE_RECURSION = YES;
				CLANG_WARN_INT_CONVERSION = YES;
				CLANG_WARN_NON_LITERAL_NULL_CONVERSION = YES;
				CLANG_WARN_OBJC_IMPLICIT_RETAIN_SELF = YES;
				CLANG_WARN_OBJC_LITERAL_CONVERSION = YES;
				CLANG_WARN_OBJC_ROOT_CLASS = YES_ERROR;
				CLANG_WARN_QUOTED_INCLUDE_IN_FRAMEWORK_HEADER = YES;
				CLANG_WARN_RANGE_LOOP_ANALYSIS = YES;
				CLANG_WARN_STRICT_PROTOTYPES = YES;
				CLANG_WARN_SUSPICIOUS_MOVE = YES;
				CLANG_WARN_UNGUARDED_AVAILABILITY = YES_AGGRESSIVE;
				CLANG_WARN_UNREACHABLE_CODE = YES;
				CLANG_WARN__DUPLICATE_METHOD_MATCH = YES;
				COPY_PHASE_STRIP = NO;
				CURRENT_PROJECT_VERSION = 1;
				DEBUG_INFORMATION_FORMAT = dwarf;
				ENABLE_STRICT_OBJC_MSGSEND = YES;
				ENABLE_TESTABILITY = YES;
				GCC_C_LANGUAGE_STANDARD = gnu11;
				GCC_DYNAMIC_NO_PIC = NO;
				GCC_NO_COMMON_BLOCKS = YES;
				GCC_OPTIMIZATION_LEVEL = 0;
				GCC_PREPROCESSOR_DEFINITIONS = (
					"DEBUG=1",
					"$(inherited)",
				);
				GCC_WARN_64_TO_32_BIT_CONVERSION = YES;
				GCC_WARN_ABOUT_RETURN_TYPE = YES_ERROR;
				GCC_WARN_UNDECLARED_SELECTOR = YES;
				GCC_WARN_UNINITIALIZED_AUTOS = YES_AGGRESSIVE;
				GCC_WARN_UNUSED_FUNCTION = YES;
				GCC_WARN_UNUSED_VARIABLE = YES;
				IPHONEOS_DEPLOYMENT_TARGET = 14.0;
				MTL_ENABLE_DEBUG_INFO = INCLUDE_SOURCE;
				MTL_FAST_MATH = YES;
				ONLY_ACTIVE_ARCH = YES;
				SDKROOT = iphoneos;
				SWIFT_ACTIVE_COMPILATION_CONDITIONS = DEBUG;
				SWIFT_OPTIMIZATION_LEVEL = "-Onone";
				VERSIONING_SYSTEM = "apple-generic";
				VERSION_INFO_PREFIX = "";
			};
			name = Debug;
		};
		5D9693C125306A9000C3FB71 /* Release */ = {
			isa = XCBuildConfiguration;
			buildSettings = {
				ALWAYS_SEARCH_USER_PATHS = NO;
				CLANG_ANALYZER_NONNULL = YES;
				CLANG_ANALYZER_NUMBER_OBJECT_CONVERSION = YES_AGGRESSIVE;
				CLANG_CXX_LANGUAGE_STANDARD = "gnu++14";
				CLANG_CXX_LIBRARY = "libc++";
				CLANG_ENABLE_MODULES = YES;
				CLANG_ENABLE_OBJC_ARC = YES;
				CLANG_ENABLE_OBJC_WEAK = YES;
				CLANG_WARN_BLOCK_CAPTURE_AUTORELEASING = YES;
				CLANG_WARN_BOOL_CONVERSION = YES;
				CLANG_WARN_COMMA = YES;
				CLANG_WARN_CONSTANT_CONVERSION = YES;
				CLANG_WARN_DEPRECATED_OBJC_IMPLEMENTATIONS = YES;
				CLANG_WARN_DIRECT_OBJC_ISA_USAGE = YES_ERROR;
				CLANG_WARN_DOCUMENTATION_COMMENTS = YES;
				CLANG_WARN_EMPTY_BODY = YES;
				CLANG_WARN_ENUM_CONVERSION = YES;
				CLANG_WARN_INFINITE_RECURSION = YES;
				CLANG_WARN_INT_CONVERSION = YES;
				CLANG_WARN_NON_LITERAL_NULL_CONVERSION = YES;
				CLANG_WARN_OBJC_IMPLICIT_RETAIN_SELF = YES;
				CLANG_WARN_OBJC_LITERAL_CONVERSION = YES;
				CLANG_WARN_OBJC_ROOT_CLASS = YES_ERROR;
				CLANG_WARN_QUOTED_INCLUDE_IN_FRAMEWORK_HEADER = YES;
				CLANG_WARN_RANGE_LOOP_ANALYSIS = YES;
				CLANG_WARN_STRICT_PROTOTYPES = YES;
				CLANG_WARN_SUSPICIOUS_MOVE = YES;
				CLANG_WARN_UNGUARDED_AVAILABILITY = YES_AGGRESSIVE;
				CLANG_WARN_UNREACHABLE_CODE = YES;
				CLANG_WARN__DUPLICATE_METHOD_MATCH = YES;
				COPY_PHASE_STRIP = NO;
				CURRENT_PROJECT_VERSION = 1;
				DEBUG_INFORMATION_FORMAT = "dwarf-with-dsym";
				ENABLE_NS_ASSERTIONS = NO;
				ENABLE_STRICT_OBJC_MSGSEND = YES;
				GCC_C_LANGUAGE_STANDARD = gnu11;
				GCC_NO_COMMON_BLOCKS = YES;
				GCC_WARN_64_TO_32_BIT_CONVERSION = YES;
				GCC_WARN_ABOUT_RETURN_TYPE = YES_ERROR;
				GCC_WARN_UNDECLARED_SELECTOR = YES;
				GCC_WARN_UNINITIALIZED_AUTOS = YES_AGGRESSIVE;
				GCC_WARN_UNUSED_FUNCTION = YES;
				GCC_WARN_UNUSED_VARIABLE = YES;
				IPHONEOS_DEPLOYMENT_TARGET = 14.0;
				MTL_ENABLE_DEBUG_INFO = NO;
				MTL_FAST_MATH = YES;
				SDKROOT = iphoneos;
				SWIFT_COMPILATION_MODE = wholemodule;
				SWIFT_OPTIMIZATION_LEVEL = "-O";
				VALIDATE_PRODUCT = YES;
				VERSIONING_SYSTEM = "apple-generic";
				VERSION_INFO_PREFIX = "";
			};
			name = Release;
		};
		5D9693C325306A9000C3FB71 /* Debug */ = {
			isa = XCBuildConfiguration;
			buildSettings = {
				CLANG_ENABLE_MODULES = YES;
				CODE_SIGN_IDENTITY = "Apple Development";
				CODE_SIGN_STYLE = Automatic;
				DEFINES_MODULE = YES;
				DEVELOPMENT_TEAM = "";
				DYLIB_COMPATIBILITY_VERSION = 1;
				DYLIB_CURRENT_VERSION = 1;
				DYLIB_INSTALL_NAME_BASE = "@rpath";
				INFOPLIST_FILE = ARGBookUI/Info.plist;
				INSTALL_PATH = "$(LOCAL_LIBRARY_DIR)/Frameworks";
				IPHONEOS_DEPLOYMENT_TARGET = 11.0;
				LD_RUNPATH_SEARCH_PATHS = (
					"$(inherited)",
					"@executable_path/Frameworks",
					"@loader_path/Frameworks",
				);
				MARKETING_VERSION = 1.0.0;
				PRODUCT_BUNDLE_IDENTIFIER = com.argentum.BookUI;
				PRODUCT_NAME = "$(TARGET_NAME:c99extidentifier)";
				PROVISIONING_PROFILE_SPECIFIER = "";
				SKIP_INSTALL = YES;
				SUPPORTS_MACCATALYST = NO;
				SWIFT_OPTIMIZATION_LEVEL = "-Onone";
				SWIFT_VERSION = 5.0;
				TARGETED_DEVICE_FAMILY = "1,2";
			};
			name = Debug;
		};
		5D9693C425306A9000C3FB71 /* Release */ = {
			isa = XCBuildConfiguration;
			buildSettings = {
				CLANG_ENABLE_MODULES = YES;
				CODE_SIGN_IDENTITY = "Apple Development";
				CODE_SIGN_STYLE = Automatic;
				DEFINES_MODULE = YES;
				DEVELOPMENT_TEAM = "";
				DYLIB_COMPATIBILITY_VERSION = 1;
				DYLIB_CURRENT_VERSION = 1;
				DYLIB_INSTALL_NAME_BASE = "@rpath";
				INFOPLIST_FILE = ARGBookUI/Info.plist;
				INSTALL_PATH = "$(LOCAL_LIBRARY_DIR)/Frameworks";
				IPHONEOS_DEPLOYMENT_TARGET = 11.0;
				LD_RUNPATH_SEARCH_PATHS = (
					"$(inherited)",
					"@executable_path/Frameworks",
					"@loader_path/Frameworks",
				);
				MARKETING_VERSION = 1.0.0;
				PRODUCT_BUNDLE_IDENTIFIER = com.argentum.BookUI;
				PRODUCT_NAME = "$(TARGET_NAME:c99extidentifier)";
				PROVISIONING_PROFILE_SPECIFIER = "";
				SKIP_INSTALL = YES;
				SUPPORTS_MACCATALYST = NO;
				SWIFT_VERSION = 5.0;
				TARGETED_DEVICE_FAMILY = "1,2";
			};
			name = Release;
		};
		5D9693C625306A9000C3FB71 /* Debug */ = {
			isa = XCBuildConfiguration;
			buildSettings = {
				ALWAYS_EMBED_SWIFT_STANDARD_LIBRARIES = YES;
				CODE_SIGN_STYLE = Automatic;
				DEVELOPMENT_TEAM = K422AB2N9V;
				INFOPLIST_FILE = ARGBookUITests/Info.plist;
				LD_RUNPATH_SEARCH_PATHS = (
					"$(inherited)",
					"@executable_path/Frameworks",
					"@loader_path/Frameworks",
				);
				PRODUCT_BUNDLE_IDENTIFIER = ARG.ARGBookUITests;
				PRODUCT_NAME = "$(TARGET_NAME)";
				SWIFT_VERSION = 5.0;
				TARGETED_DEVICE_FAMILY = "1,2";
			};
			name = Debug;
		};
		5D9693C725306A9000C3FB71 /* Release */ = {
			isa = XCBuildConfiguration;
			buildSettings = {
				ALWAYS_EMBED_SWIFT_STANDARD_LIBRARIES = YES;
				CODE_SIGN_STYLE = Automatic;
				DEVELOPMENT_TEAM = K422AB2N9V;
				INFOPLIST_FILE = ARGBookUITests/Info.plist;
				LD_RUNPATH_SEARCH_PATHS = (
					"$(inherited)",
					"@executable_path/Frameworks",
					"@loader_path/Frameworks",
				);
				PRODUCT_BUNDLE_IDENTIFIER = ARG.ARGBookUITests;
				PRODUCT_NAME = "$(TARGET_NAME)";
				SWIFT_VERSION = 5.0;
				TARGETED_DEVICE_FAMILY = "1,2";
			};
			name = Release;
		};
/* End XCBuildConfiguration section */

/* Begin XCConfigurationList section */
		5D9693A825306A9000C3FB71 /* Build configuration list for PBXProject "ARGBookUI" */ = {
			isa = XCConfigurationList;
			buildConfigurations = (
				5D9693C025306A9000C3FB71 /* Debug */,
				5D9693C125306A9000C3FB71 /* Release */,
			);
			defaultConfigurationIsVisible = 0;
			defaultConfigurationName = Release;
		};
		5D9693C225306A9000C3FB71 /* Build configuration list for PBXNativeTarget "ARGBookUI" */ = {
			isa = XCConfigurationList;
			buildConfigurations = (
				5D9693C325306A9000C3FB71 /* Debug */,
				5D9693C425306A9000C3FB71 /* Release */,
			);
			defaultConfigurationIsVisible = 0;
			defaultConfigurationName = Release;
		};
		5D9693C525306A9000C3FB71 /* Build configuration list for PBXNativeTarget "ARGBookUITests" */ = {
			isa = XCConfigurationList;
			buildConfigurations = (
				5D9693C625306A9000C3FB71 /* Debug */,
				5D9693C725306A9000C3FB71 /* Release */,
			);
			defaultConfigurationIsVisible = 0;
			defaultConfigurationName = Release;
		};
/* End XCConfigurationList section */
	};
	rootObject = 5D9693A525306A9000C3FB71 /* Project object */;
}
